// !$*UTF8*$!
{
	archiveVersion = 1;
	classes = {
	};
	objectVersion = 46;
	objects = {

/* Begin PBXBuildFile section */
		1F58A2171E9E72AC0008C2A8 /* GoogleService-Info.plist in Resources */ = {isa = PBXBuildFile; fileRef = 1F58A2161E9E72AC0008C2A8 /* GoogleService-Info.plist */; };
		1F7C447F1E9408E80067ECCF /* SettingsViewController.swift in Sources */ = {isa = PBXBuildFile; fileRef = 1F7C447E1E9408E80067ECCF /* SettingsViewController.swift */; };
		1F7C44811E9409050067ECCF /* ScoreboardViewController.swift in Sources */ = {isa = PBXBuildFile; fileRef = 1F7C44801E9409050067ECCF /* ScoreboardViewController.swift */; };
		1F7C44831E9409700067ECCF /* BreakTimeViewController.swift in Sources */ = {isa = PBXBuildFile; fileRef = 1F7C44821E9409700067ECCF /* BreakTimeViewController.swift */; };
		1F7C44861E9409900067ECCF /* PopsBreakView.swift in Sources */ = {isa = PBXBuildFile; fileRef = 1F7C44851E9409900067ECCF /* PopsBreakView.swift */; };
		1F7C44881E9409A90067ECCF /* BabaBreakView.swift in Sources */ = {isa = PBXBuildFile; fileRef = 1F7C44871E9409A90067ECCF /* BabaBreakView.swift */; };
		1F7C448A1E9409BE0067ECCF /* ChadBreakView.swift in Sources */ = {isa = PBXBuildFile; fileRef = 1F7C44891E9409BE0067ECCF /* ChadBreakView.swift */; };
		1F7C448C1E940A900067ECCF /* SetSessionViewModel.swift in Sources */ = {isa = PBXBuildFile; fileRef = 1F7C448B1E940A900067ECCF /* SetSessionViewModel.swift */; };
		1F7C448E1E940A9B0067ECCF /* SettingsViewModel.swift in Sources */ = {isa = PBXBuildFile; fileRef = 1F7C448D1E940A9B0067ECCF /* SettingsViewModel.swift */; };
		1F7C44901E940AA70067ECCF /* ScoreboardViewModel.swift in Sources */ = {isa = PBXBuildFile; fileRef = 1F7C448F1E940AA70067ECCF /* ScoreboardViewModel.swift */; };
		1F7C44921E940AB90067ECCF /* ProductiveTimeViewModel.swift in Sources */ = {isa = PBXBuildFile; fileRef = 1F7C44911E940AB90067ECCF /* ProductiveTimeViewModel.swift */; };
		1F7C44941E940AD10067ECCF /* PopsBreakViewModel.swift in Sources */ = {isa = PBXBuildFile; fileRef = 1F7C44931E940AD10067ECCF /* PopsBreakViewModel.swift */; };
		1F7C44971E940B360067ECCF /* BabaBreakViewModel.swift in Sources */ = {isa = PBXBuildFile; fileRef = 1F7C44961E940B360067ECCF /* BabaBreakViewModel.swift */; };
		1F7C44991E940B400067ECCF /* ChadBreakViewModel.swift in Sources */ = {isa = PBXBuildFile; fileRef = 1F7C44981E940B400067ECCF /* ChadBreakViewModel.swift */; };
		1F7C449B1E940B500067ECCF /* Coach.swift in Sources */ = {isa = PBXBuildFile; fileRef = 1F7C449A1E940B500067ECCF /* Coach.swift */; };
		1F7C449E1E940B670067ECCF /* PopsBreakManager.swift in Sources */ = {isa = PBXBuildFile; fileRef = 1F7C449D1E940B670067ECCF /* PopsBreakManager.swift */; };
		1F7C44A01E940B7E0067ECCF /* BabaBreakManager.swift in Sources */ = {isa = PBXBuildFile; fileRef = 1F7C449F1E940B7E0067ECCF /* BabaBreakManager.swift */; };
		1F7C44A31E940BC60067ECCF /* ChadBreakManager.swift in Sources */ = {isa = PBXBuildFile; fileRef = 1F7C44A21E940BC60067ECCF /* ChadBreakManager.swift */; };
		1F7C44A51E940BD80067ECCF /* DifficultySetting.swift in Sources */ = {isa = PBXBuildFile; fileRef = 1F7C44A41E940BD80067ECCF /* DifficultySetting.swift */; };
		1F7C44A71E9439250067ECCF /* SessionEndedViewController.swift in Sources */ = {isa = PBXBuildFile; fileRef = 1F7C44A61E9439250067ECCF /* SessionEndedViewController.swift */; };
		1F7C44A91E9439420067ECCF /* SessionEndedViewModel.swift in Sources */ = {isa = PBXBuildFile; fileRef = 1F7C44A81E9439420067ECCF /* SessionEndedViewModel.swift */; };
		1F7C44AB1E9440370067ECCF /* DataStore.swift in Sources */ = {isa = PBXBuildFile; fileRef = 1F7C44AA1E9440370067ECCF /* DataStore.swift */; };
		1FAC0F161E9D5E9B00F9D0B6 /* Time.swift in Sources */ = {isa = PBXBuildFile; fileRef = 1FAC0F151E9D5E9B00F9D0B6 /* Time.swift */; };
		1FAC0F181E9D5EE000F9D0B6 /* HourCollectionViewCell.swift in Sources */ = {isa = PBXBuildFile; fileRef = 1FAC0F171E9D5EE000F9D0B6 /* HourCollectionViewCell.swift */; };
		1FAC0F1A1E9D6F9A00F9D0B6 /* CustomSettingsView.swift in Sources */ = {isa = PBXBuildFile; fileRef = 1FAC0F191E9D6F9A00F9D0B6 /* CustomSettingsView.swift */; };
		1FBD094D1E97CB04007EDA6E /* CoachProfile.swift in Sources */ = {isa = PBXBuildFile; fileRef = 1FBD094C1E97CB04007EDA6E /* CoachProfile.swift */; };
		1FBEEC6A1E952F760099F413 /* BreakTimeViewModel.swift in Sources */ = {isa = PBXBuildFile; fileRef = 1FBEEC691E952F760099F413 /* BreakTimeViewModel.swift */; };
		1FBEEC7B1E9564330099F413 /* YouTubeiOSPlayerHelper.framework in Frameworks */ = {isa = PBXBuildFile; fileRef = 1FBEEC7A1E9564330099F413 /* YouTubeiOSPlayerHelper.framework */; };
		1FBEEC7D1E9588130099F413 /* BreakEntertainmentViewController.swift in Sources */ = {isa = PBXBuildFile; fileRef = 1FBEEC7C1E9588130099F413 /* BreakEntertainmentViewController.swift */; };
		1FBEEC811E9591250099F413 /* User.swift in Sources */ = {isa = PBXBuildFile; fileRef = 1FBEEC801E9591250099F413 /* User.swift */; };
		1FBEEC831E9692370099F413 /* Session.swift in Sources */ = {isa = PBXBuildFile; fileRef = 1FBEEC821E9692370099F413 /* Session.swift */; };
		98E682781E931E4F00BAEFE8 /* AppDelegate.swift in Sources */ = {isa = PBXBuildFile; fileRef = 98E682771E931E4F00BAEFE8 /* AppDelegate.swift */; };
		98E6827F1E931E4F00BAEFE8 /* Assets.xcassets in Resources */ = {isa = PBXBuildFile; fileRef = 98E6827E1E931E4F00BAEFE8 /* Assets.xcassets */; };
		98E682821E931E4F00BAEFE8 /* LaunchScreen.storyboard in Resources */ = {isa = PBXBuildFile; fileRef = 98E682801E931E4F00BAEFE8 /* LaunchScreen.storyboard */; };
		98E6828A1E931E9500BAEFE8 /* SetSessionViewController.swift in Sources */ = {isa = PBXBuildFile; fileRef = 98E682891E931E9500BAEFE8 /* SetSessionViewController.swift */; };
		98E6828C1E931EA900BAEFE8 /* Colors.swift in Sources */ = {isa = PBXBuildFile; fileRef = 98E6828B1E931EA900BAEFE8 /* Colors.swift */; };
		98E6828E1E931EAF00BAEFE8 /* ProductiveTimeViewController.swift in Sources */ = {isa = PBXBuildFile; fileRef = 98E6828D1E931EAF00BAEFE8 /* ProductiveTimeViewController.swift */; };
		98E682921E9322A300BAEFE8 /* Extensions.swift in Sources */ = {isa = PBXBuildFile; fileRef = 98E682911E9322A300BAEFE8 /* Extensions.swift */; };
/* End PBXBuildFile section */

/* Begin PBXFileReference section */
		1F58A2161E9E72AC0008C2A8 /* GoogleService-Info.plist */ = {isa = PBXFileReference; fileEncoding = 4; lastKnownFileType = text.plist.xml; name = "GoogleService-Info.plist"; path = "../GoogleService-Info.plist"; sourceTree = "<group>"; };
		1F7C447E1E9408E80067ECCF /* SettingsViewController.swift */ = {isa = PBXFileReference; fileEncoding = 4; lastKnownFileType = sourcecode.swift; path = SettingsViewController.swift; sourceTree = "<group>"; };
		1F7C44801E9409050067ECCF /* ScoreboardViewController.swift */ = {isa = PBXFileReference; fileEncoding = 4; lastKnownFileType = sourcecode.swift; path = ScoreboardViewController.swift; sourceTree = "<group>"; };
		1F7C44821E9409700067ECCF /* BreakTimeViewController.swift */ = {isa = PBXFileReference; fileEncoding = 4; lastKnownFileType = sourcecode.swift; path = BreakTimeViewController.swift; sourceTree = "<group>"; };
		1F7C44851E9409900067ECCF /* PopsBreakView.swift */ = {isa = PBXFileReference; fileEncoding = 4; lastKnownFileType = sourcecode.swift; path = PopsBreakView.swift; sourceTree = "<group>"; };
		1F7C44871E9409A90067ECCF /* BabaBreakView.swift */ = {isa = PBXFileReference; fileEncoding = 4; lastKnownFileType = sourcecode.swift; path = BabaBreakView.swift; sourceTree = "<group>"; };
		1F7C44891E9409BE0067ECCF /* ChadBreakView.swift */ = {isa = PBXFileReference; fileEncoding = 4; lastKnownFileType = sourcecode.swift; path = ChadBreakView.swift; sourceTree = "<group>"; };
		1F7C448B1E940A900067ECCF /* SetSessionViewModel.swift */ = {isa = PBXFileReference; fileEncoding = 4; lastKnownFileType = sourcecode.swift; path = SetSessionViewModel.swift; sourceTree = "<group>"; };
		1F7C448D1E940A9B0067ECCF /* SettingsViewModel.swift */ = {isa = PBXFileReference; fileEncoding = 4; lastKnownFileType = sourcecode.swift; path = SettingsViewModel.swift; sourceTree = "<group>"; };
		1F7C448F1E940AA70067ECCF /* ScoreboardViewModel.swift */ = {isa = PBXFileReference; fileEncoding = 4; lastKnownFileType = sourcecode.swift; path = ScoreboardViewModel.swift; sourceTree = "<group>"; };
		1F7C44911E940AB90067ECCF /* ProductiveTimeViewModel.swift */ = {isa = PBXFileReference; fileEncoding = 4; lastKnownFileType = sourcecode.swift; path = ProductiveTimeViewModel.swift; sourceTree = "<group>"; };
		1F7C44931E940AD10067ECCF /* PopsBreakViewModel.swift */ = {isa = PBXFileReference; fileEncoding = 4; lastKnownFileType = sourcecode.swift; path = PopsBreakViewModel.swift; sourceTree = "<group>"; };
		1F7C44961E940B360067ECCF /* BabaBreakViewModel.swift */ = {isa = PBXFileReference; fileEncoding = 4; lastKnownFileType = sourcecode.swift; path = BabaBreakViewModel.swift; sourceTree = "<group>"; };
		1F7C44981E940B400067ECCF /* ChadBreakViewModel.swift */ = {isa = PBXFileReference; fileEncoding = 4; lastKnownFileType = sourcecode.swift; path = ChadBreakViewModel.swift; sourceTree = "<group>"; };
		1F7C449A1E940B500067ECCF /* Coach.swift */ = {isa = PBXFileReference; fileEncoding = 4; lastKnownFileType = sourcecode.swift; path = Coach.swift; sourceTree = "<group>"; };
		1F7C449D1E940B670067ECCF /* PopsBreakManager.swift */ = {isa = PBXFileReference; fileEncoding = 4; lastKnownFileType = sourcecode.swift; path = PopsBreakManager.swift; sourceTree = "<group>"; };
		1F7C449F1E940B7E0067ECCF /* BabaBreakManager.swift */ = {isa = PBXFileReference; fileEncoding = 4; lastKnownFileType = sourcecode.swift; path = BabaBreakManager.swift; sourceTree = "<group>"; };
		1F7C44A21E940BC60067ECCF /* ChadBreakManager.swift */ = {isa = PBXFileReference; fileEncoding = 4; lastKnownFileType = sourcecode.swift; path = ChadBreakManager.swift; sourceTree = "<group>"; };
		1F7C44A41E940BD80067ECCF /* DifficultySetting.swift */ = {isa = PBXFileReference; fileEncoding = 4; lastKnownFileType = sourcecode.swift; path = DifficultySetting.swift; sourceTree = "<group>"; };
		1F7C44A61E9439250067ECCF /* SessionEndedViewController.swift */ = {isa = PBXFileReference; fileEncoding = 4; lastKnownFileType = sourcecode.swift; path = SessionEndedViewController.swift; sourceTree = "<group>"; };
		1F7C44A81E9439420067ECCF /* SessionEndedViewModel.swift */ = {isa = PBXFileReference; fileEncoding = 4; lastKnownFileType = sourcecode.swift; path = SessionEndedViewModel.swift; sourceTree = "<group>"; };
		1F7C44AA1E9440370067ECCF /* DataStore.swift */ = {isa = PBXFileReference; fileEncoding = 4; lastKnownFileType = sourcecode.swift; path = DataStore.swift; sourceTree = "<group>"; };
		1FAC0F151E9D5E9B00F9D0B6 /* Time.swift */ = {isa = PBXFileReference; fileEncoding = 4; lastKnownFileType = sourcecode.swift; path = Time.swift; sourceTree = "<group>"; };
		1FAC0F171E9D5EE000F9D0B6 /* HourCollectionViewCell.swift */ = {isa = PBXFileReference; fileEncoding = 4; lastKnownFileType = sourcecode.swift; path = HourCollectionViewCell.swift; sourceTree = "<group>"; };
		1FAC0F191E9D6F9A00F9D0B6 /* CustomSettingsView.swift */ = {isa = PBXFileReference; fileEncoding = 4; lastKnownFileType = sourcecode.swift; path = CustomSettingsView.swift; sourceTree = "<group>"; };
		1FBD094C1E97CB04007EDA6E /* CoachProfile.swift */ = {isa = PBXFileReference; fileEncoding = 4; lastKnownFileType = sourcecode.swift; path = CoachProfile.swift; sourceTree = "<group>"; };
		1FBEEC691E952F760099F413 /* BreakTimeViewModel.swift */ = {isa = PBXFileReference; fileEncoding = 4; lastKnownFileType = sourcecode.swift; path = BreakTimeViewModel.swift; sourceTree = "<group>"; };
		1FBEEC7A1E9564330099F413 /* YouTubeiOSPlayerHelper.framework */ = {isa = PBXFileReference; lastKnownFileType = wrapper.framework; name = YouTubeiOSPlayerHelper.framework; path = Carthage/Build/iOS/YouTubeiOSPlayerHelper.framework; sourceTree = "<group>"; };
		1FBEEC7C1E9588130099F413 /* BreakEntertainmentViewController.swift */ = {isa = PBXFileReference; fileEncoding = 4; lastKnownFileType = sourcecode.swift; path = BreakEntertainmentViewController.swift; sourceTree = "<group>"; };
		1FBEEC801E9591250099F413 /* User.swift */ = {isa = PBXFileReference; fileEncoding = 4; lastKnownFileType = sourcecode.swift; path = User.swift; sourceTree = "<group>"; };
		1FBEEC821E9692370099F413 /* Session.swift */ = {isa = PBXFileReference; fileEncoding = 4; lastKnownFileType = sourcecode.swift; path = Session.swift; sourceTree = "<group>"; };
		98E05D301E9E7F630096BCE9 /* Pops App.entitlements */ = {isa = PBXFileReference; lastKnownFileType = text.plist.entitlements; name = "Pops App.entitlements"; path = "Pops App/Pops App.entitlements"; sourceTree = "<group>"; };
		98E682741E931E4F00BAEFE8 /* Pops App.app */ = {isa = PBXFileReference; explicitFileType = wrapper.application; includeInIndex = 0; path = "Pops App.app"; sourceTree = BUILT_PRODUCTS_DIR; };
		98E682771E931E4F00BAEFE8 /* AppDelegate.swift */ = {isa = PBXFileReference; lastKnownFileType = sourcecode.swift; path = AppDelegate.swift; sourceTree = "<group>"; };
		98E6827E1E931E4F00BAEFE8 /* Assets.xcassets */ = {isa = PBXFileReference; lastKnownFileType = folder.assetcatalog; path = Assets.xcassets; sourceTree = "<group>"; };
		98E682811E931E4F00BAEFE8 /* Base */ = {isa = PBXFileReference; lastKnownFileType = file.storyboard; name = Base; path = Base.lproj/LaunchScreen.storyboard; sourceTree = "<group>"; };
		98E682831E931E4F00BAEFE8 /* Info.plist */ = {isa = PBXFileReference; lastKnownFileType = text.plist.xml; path = Info.plist; sourceTree = "<group>"; };
		98E682891E931E9500BAEFE8 /* SetSessionViewController.swift */ = {isa = PBXFileReference; fileEncoding = 4; lastKnownFileType = sourcecode.swift; path = SetSessionViewController.swift; sourceTree = "<group>"; };
		98E6828B1E931EA900BAEFE8 /* Colors.swift */ = {isa = PBXFileReference; fileEncoding = 4; lastKnownFileType = sourcecode.swift; path = Colors.swift; sourceTree = "<group>"; };
		98E6828D1E931EAF00BAEFE8 /* ProductiveTimeViewController.swift */ = {isa = PBXFileReference; fileEncoding = 4; lastKnownFileType = sourcecode.swift; path = ProductiveTimeViewController.swift; sourceTree = "<group>"; };
		98E682911E9322A300BAEFE8 /* Extensions.swift */ = {isa = PBXFileReference; fileEncoding = 4; lastKnownFileType = sourcecode.swift; path = Extensions.swift; sourceTree = "<group>"; };
/* End PBXFileReference section */

/* Begin PBXFrameworksBuildPhase section */
		98E682711E931E4F00BAEFE8 /* Frameworks */ = {
			isa = PBXFrameworksBuildPhase;
			buildActionMask = 2147483647;
			files = (
				1FBEEC7B1E9564330099F413 /* YouTubeiOSPlayerHelper.framework in Frameworks */,
			);
			runOnlyForDeploymentPostprocessing = 0;
		};
/* End PBXFrameworksBuildPhase section */

/* Begin PBXGroup section */
		1F7C447C1E93FC010067ECCF /* ViewModel */ = {
			isa = PBXGroup;
			children = (
				1F7C448B1E940A900067ECCF /* SetSessionViewModel.swift */,
				1F7C44911E940AB90067ECCF /* ProductiveTimeViewModel.swift */,
				1FBEEC691E952F760099F413 /* BreakTimeViewModel.swift */,
				1F7C44A81E9439420067ECCF /* SessionEndedViewModel.swift */,
				1F7C448D1E940A9B0067ECCF /* SettingsViewModel.swift */,
				1F7C448F1E940AA70067ECCF /* ScoreboardViewModel.swift */,
				1F7C44951E940AE20067ECCF /* Break View Models */,
			);
			name = ViewModel;
			sourceTree = "<group>";
		};
		1F7C447D1E93FC200067ECCF /* Model */ = {
			isa = PBXGroup;
			children = (
				1F7C44AA1E9440370067ECCF /* DataStore.swift */,
				1FBEEC801E9591250099F413 /* User.swift */,
				1F7C449A1E940B500067ECCF /* Coach.swift */,
				1FBD094C1E97CB04007EDA6E /* CoachProfile.swift */,
				1FBEEC821E9692370099F413 /* Session.swift */,
				1F7C44A41E940BD80067ECCF /* DifficultySetting.swift */,
				1FAC0F151E9D5E9B00F9D0B6 /* Time.swift */,
				1F7C449C1E940B580067ECCF /* Break Managers */,
			);
			name = Model;
			sourceTree = "<group>";
		};
		1F7C44841E9409760067ECCF /* Break View Controllers */ = {
			isa = PBXGroup;
			children = (
				1F7C44851E9409900067ECCF /* PopsBreakView.swift */,
				1F7C44871E9409A90067ECCF /* BabaBreakView.swift */,
				1F7C44891E9409BE0067ECCF /* ChadBreakView.swift */,
			);
			name = "Break View Controllers";
			sourceTree = "<group>";
		};
		1F7C44951E940AE20067ECCF /* Break View Models */ = {
			isa = PBXGroup;
			children = (
				1F7C44931E940AD10067ECCF /* PopsBreakViewModel.swift */,
				1F7C44961E940B360067ECCF /* BabaBreakViewModel.swift */,
				1F7C44981E940B400067ECCF /* ChadBreakViewModel.swift */,
			);
			name = "Break View Models";
			sourceTree = "<group>";
		};
		1F7C449C1E940B580067ECCF /* Break Managers */ = {
			isa = PBXGroup;
			children = (
				1F7C449D1E940B670067ECCF /* PopsBreakManager.swift */,
				1F7C449F1E940B7E0067ECCF /* BabaBreakManager.swift */,
				1F7C44A21E940BC60067ECCF /* ChadBreakManager.swift */,
			);
			name = "Break Managers";
			sourceTree = "<group>";
		};
		1FBEEC791E9564330099F413 /* Frameworks */ = {
			isa = PBXGroup;
			children = (
				1FBEEC7A1E9564330099F413 /* YouTubeiOSPlayerHelper.framework */,
			);
			name = Frameworks;
			sourceTree = "<group>";
		};
		98E6826B1E931E4F00BAEFE8 = {
			isa = PBXGroup;
			children = (
				98E05D301E9E7F630096BCE9 /* Pops App.entitlements */,
				98E682761E931E4F00BAEFE8 /* Pops */,
				98E682751E931E4F00BAEFE8 /* Products */,
				1FBEEC791E9564330099F413 /* Frameworks */,
			);
			sourceTree = "<group>";
		};
		98E682751E931E4F00BAEFE8 /* Products */ = {
			isa = PBXGroup;
			children = (
				98E682741E931E4F00BAEFE8 /* Pops App.app */,
			);
			name = Products;
			sourceTree = "<group>";
		};
		98E682761E931E4F00BAEFE8 /* Pops */ = {
			isa = PBXGroup;
			children = (
				98E682771E931E4F00BAEFE8 /* AppDelegate.swift */,
				98E682901E931EC000BAEFE8 /* View Resources */,
				98E6828F1E931EB500BAEFE8 /* View */,
				1F7C447C1E93FC010067ECCF /* ViewModel */,
				1F7C447D1E93FC200067ECCF /* Model */,
				98E6827E1E931E4F00BAEFE8 /* Assets.xcassets */,
				98E682831E931E4F00BAEFE8 /* Info.plist */,
				1F58A2161E9E72AC0008C2A8 /* GoogleService-Info.plist */,
			);
			name = Pops;
			path = "Pops App";
			sourceTree = "<group>";
		};
		98E6828F1E931EB500BAEFE8 /* View */ = {
			isa = PBXGroup;
			children = (
				98E682891E931E9500BAEFE8 /* SetSessionViewController.swift */,
				1FAC0F171E9D5EE000F9D0B6 /* HourCollectionViewCell.swift */,
				98E6828D1E931EAF00BAEFE8 /* ProductiveTimeViewController.swift */,
				1F7C44821E9409700067ECCF /* BreakTimeViewController.swift */,
				1FBEEC7C1E9588130099F413 /* BreakEntertainmentViewController.swift */,
				1F7C44A61E9439250067ECCF /* SessionEndedViewController.swift */,
				1F7C447E1E9408E80067ECCF /* SettingsViewController.swift */,
				1FAC0F191E9D6F9A00F9D0B6 /* CustomSettingsView.swift */,
				1F7C44801E9409050067ECCF /* ScoreboardViewController.swift */,
				1F7C44841E9409760067ECCF /* Break View Controllers */,
			);
			name = View;
			sourceTree = "<group>";
		};
		98E682901E931EC000BAEFE8 /* View Resources */ = {
			isa = PBXGroup;
			children = (
				98E682801E931E4F00BAEFE8 /* LaunchScreen.storyboard */,
				98E6828B1E931EA900BAEFE8 /* Colors.swift */,
				98E682911E9322A300BAEFE8 /* Extensions.swift */,
			);
			name = "View Resources";
			sourceTree = "<group>";
		};
/* End PBXGroup section */

/* Begin PBXNativeTarget section */
		98E682731E931E4F00BAEFE8 /* Pops App */ = {
			isa = PBXNativeTarget;
			buildConfigurationList = 98E682861E931E4F00BAEFE8 /* Build configuration list for PBXNativeTarget "Pops App" */;
			buildPhases = (
				98E682701E931E4F00BAEFE8 /* Sources */,
				98E682711E931E4F00BAEFE8 /* Frameworks */,
				98E682721E931E4F00BAEFE8 /* Resources */,
				1FBEEC781E955FEE0099F413 /* ShellScript */,
			);
			buildRules = (
			);
			dependencies = (
			);
			name = "Pops App";
			productName = "Pops App";
			productReference = 98E682741E931E4F00BAEFE8 /* Pops App.app */;
			productType = "com.apple.product-type.application";
		};
/* End PBXNativeTarget section */

/* Begin PBXProject section */
		98E6826C1E931E4F00BAEFE8 /* Project object */ = {
			isa = PBXProject;
			attributes = {
				LastSwiftUpdateCheck = 0820;
				LastUpgradeCheck = 0820;
				ORGANIZATIONNAME = "Robert Rozenvasser";
				TargetAttributes = {
					98E682731E931E4F00BAEFE8 = {
						CreatedOnToolsVersion = 8.2.1;
						DevelopmentTeam = 26Z24PM6F7;
						ProvisioningStyle = Automatic;
						SystemCapabilities = {
							com.apple.BackgroundModes = {
								enabled = 0;
							};
						};
					};
				};
			};
			buildConfigurationList = 98E6826F1E931E4F00BAEFE8 /* Build configuration list for PBXProject "Pops App" */;
			compatibilityVersion = "Xcode 3.2";
			developmentRegion = English;
			hasScannedForEncodings = 0;
			knownRegions = (
				en,
				Base,
			);
			mainGroup = 98E6826B1E931E4F00BAEFE8;
			productRefGroup = 98E682751E931E4F00BAEFE8 /* Products */;
			projectDirPath = "";
			projectRoot = "";
			targets = (
				98E682731E931E4F00BAEFE8 /* Pops App */,
			);
		};
/* End PBXProject section */

/* Begin PBXResourcesBuildPhase section */
		98E682721E931E4F00BAEFE8 /* Resources */ = {
			isa = PBXResourcesBuildPhase;
			buildActionMask = 2147483647;
			files = (
				98E682821E931E4F00BAEFE8 /* LaunchScreen.storyboard in Resources */,
				98E6827F1E931E4F00BAEFE8 /* Assets.xcassets in Resources */,
				1F58A2171E9E72AC0008C2A8 /* GoogleService-Info.plist in Resources */,
			);
			runOnlyForDeploymentPostprocessing = 0;
		};
/* End PBXResourcesBuildPhase section */

/* Begin PBXShellScriptBuildPhase section */
		1FBEEC781E955FEE0099F413 /* ShellScript */ = {
			isa = PBXShellScriptBuildPhase;
			buildActionMask = 2147483647;
			files = (
			);
			inputPaths = (
				"$(SRCROOT)/Carthage/Build/iOS/YouTubeiOSPlayerHelper.framework",
			);
			outputPaths = (
			);
			runOnlyForDeploymentPostprocessing = 0;
			shellPath = /bin/sh;
			shellScript = "/usr/local/bin/carthage copy-frameworks\n";
		};
/* End PBXShellScriptBuildPhase section */

/* Begin PBXSourcesBuildPhase section */
		98E682701E931E4F00BAEFE8 /* Sources */ = {
			isa = PBXSourcesBuildPhase;
			buildActionMask = 2147483647;
			files = (
				1F7C44921E940AB90067ECCF /* ProductiveTimeViewModel.swift in Sources */,
				1F7C44881E9409A90067ECCF /* BabaBreakView.swift in Sources */,
				1F7C44811E9409050067ECCF /* ScoreboardViewController.swift in Sources */,
				98E682921E9322A300BAEFE8 /* Extensions.swift in Sources */,
				1F7C44A71E9439250067ECCF /* SessionEndedViewController.swift in Sources */,
				98E6828E1E931EAF00BAEFE8 /* ProductiveTimeViewController.swift in Sources */,
				1F7C44901E940AA70067ECCF /* ScoreboardViewModel.swift in Sources */,
				1FBEEC811E9591250099F413 /* User.swift in Sources */,
				1F7C44A91E9439420067ECCF /* SessionEndedViewModel.swift in Sources */,
				1F7C44A51E940BD80067ECCF /* DifficultySetting.swift in Sources */,
				1FAC0F1A1E9D6F9A00F9D0B6 /* CustomSettingsView.swift in Sources */,
				1FBEEC6A1E952F760099F413 /* BreakTimeViewModel.swift in Sources */,
				1FAC0F181E9D5EE000F9D0B6 /* HourCollectionViewCell.swift in Sources */,
				1F7C44941E940AD10067ECCF /* PopsBreakViewModel.swift in Sources */,
				1F7C448A1E9409BE0067ECCF /* ChadBreakView.swift in Sources */,
				1F7C44831E9409700067ECCF /* BreakTimeViewController.swift in Sources */,
				1F7C44861E9409900067ECCF /* PopsBreakView.swift in Sources */,
				1F7C449E1E940B670067ECCF /* PopsBreakManager.swift in Sources */,
				1FBEEC7D1E9588130099F413 /* BreakEntertainmentViewController.swift in Sources */,
				98E682781E931E4F00BAEFE8 /* AppDelegate.swift in Sources */,
				1FBEEC831E9692370099F413 /* Session.swift in Sources */,
				1F7C44A01E940B7E0067ECCF /* BabaBreakManager.swift in Sources */,
				1FAC0F161E9D5E9B00F9D0B6 /* Time.swift in Sources */,
				1F7C448E1E940A9B0067ECCF /* SettingsViewModel.swift in Sources */,
				1F7C44991E940B400067ECCF /* ChadBreakViewModel.swift in Sources */,
				1F7C448C1E940A900067ECCF /* SetSessionViewModel.swift in Sources */,
				1F7C44971E940B360067ECCF /* BabaBreakViewModel.swift in Sources */,
				1F7C44AB1E9440370067ECCF /* DataStore.swift in Sources */,
				98E6828C1E931EA900BAEFE8 /* Colors.swift in Sources */,
				1F7C449B1E940B500067ECCF /* Coach.swift in Sources */,
				1FBD094D1E97CB04007EDA6E /* CoachProfile.swift in Sources */,
				1F7C44A31E940BC60067ECCF /* ChadBreakManager.swift in Sources */,
				98E6828A1E931E9500BAEFE8 /* SetSessionViewController.swift in Sources */,
				1F7C447F1E9408E80067ECCF /* SettingsViewController.swift in Sources */,
			);
			runOnlyForDeploymentPostprocessing = 0;
		};
/* End PBXSourcesBuildPhase section */

/* Begin PBXVariantGroup section */
		98E682801E931E4F00BAEFE8 /* LaunchScreen.storyboard */ = {
			isa = PBXVariantGroup;
			children = (
				98E682811E931E4F00BAEFE8 /* Base */,
			);
			name = LaunchScreen.storyboard;
			sourceTree = "<group>";
		};
/* End PBXVariantGroup section */

/* Begin XCBuildConfiguration section */
		98E682841E931E4F00BAEFE8 /* Debug */ = {
			isa = XCBuildConfiguration;
			buildSettings = {
				ALWAYS_SEARCH_USER_PATHS = NO;
				CLANG_ANALYZER_NONNULL = YES;
				CLANG_CXX_LANGUAGE_STANDARD = "gnu++0x";
				CLANG_CXX_LIBRARY = "libc++";
				CLANG_ENABLE_MODULES = YES;
				CLANG_ENABLE_OBJC_ARC = YES;
				CLANG_WARN_BOOL_CONVERSION = YES;
				CLANG_WARN_CONSTANT_CONVERSION = YES;
				CLANG_WARN_DIRECT_OBJC_ISA_USAGE = YES_ERROR;
				CLANG_WARN_DOCUMENTATION_COMMENTS = YES;
				CLANG_WARN_EMPTY_BODY = YES;
				CLANG_WARN_ENUM_CONVERSION = YES;
				CLANG_WARN_INFINITE_RECURSION = YES;
				CLANG_WARN_INT_CONVERSION = YES;
				CLANG_WARN_OBJC_ROOT_CLASS = YES_ERROR;
				CLANG_WARN_SUSPICIOUS_MOVE = YES;
				CLANG_WARN_UNREACHABLE_CODE = YES;
				CLANG_WARN__DUPLICATE_METHOD_MATCH = YES;
				"CODE_SIGN_IDENTITY[sdk=iphoneos*]" = "iPhone Developer";
				COPY_PHASE_STRIP = NO;
				DEBUG_INFORMATION_FORMAT = dwarf;
				ENABLE_STRICT_OBJC_MSGSEND = YES;
				ENABLE_TESTABILITY = YES;
				GCC_C_LANGUAGE_STANDARD = gnu99;
				GCC_DYNAMIC_NO_PIC = NO;
				GCC_NO_COMMON_BLOCKS = YES;
				GCC_OPTIMIZATION_LEVEL = 0;
				GCC_PREPROCESSOR_DEFINITIONS = (
					"DEBUG=1",
					"$(inherited)",
				);
				GCC_WARN_64_TO_32_BIT_CONVERSION = YES;
				GCC_WARN_ABOUT_RETURN_TYPE = YES_ERROR;
				GCC_WARN_UNDECLARED_SELECTOR = YES;
				GCC_WARN_UNINITIALIZED_AUTOS = YES_AGGRESSIVE;
				GCC_WARN_UNUSED_FUNCTION = YES;
				GCC_WARN_UNUSED_VARIABLE = YES;
				IPHONEOS_DEPLOYMENT_TARGET = 10.2;
				MTL_ENABLE_DEBUG_INFO = YES;
				ONLY_ACTIVE_ARCH = YES;
				SDKROOT = iphoneos;
				SWIFT_ACTIVE_COMPILATION_CONDITIONS = DEBUG;
				SWIFT_OPTIMIZATION_LEVEL = "-Onone";
			};
			name = Debug;
		};
		98E682851E931E4F00BAEFE8 /* Release */ = {
			isa = XCBuildConfiguration;
			buildSettings = {
				ALWAYS_SEARCH_USER_PATHS = NO;
				CLANG_ANALYZER_NONNULL = YES;
				CLANG_CXX_LANGUAGE_STANDARD = "gnu++0x";
				CLANG_CXX_LIBRARY = "libc++";
				CLANG_ENABLE_MODULES = YES;
				CLANG_ENABLE_OBJC_ARC = YES;
				CLANG_WARN_BOOL_CONVERSION = YES;
				CLANG_WARN_CONSTANT_CONVERSION = YES;
				CLANG_WARN_DIRECT_OBJC_ISA_USAGE = YES_ERROR;
				CLANG_WARN_DOCUMENTATION_COMMENTS = YES;
				CLANG_WARN_EMPTY_BODY = YES;
				CLANG_WARN_ENUM_CONVERSION = YES;
				CLANG_WARN_INFINITE_RECURSION = YES;
				CLANG_WARN_INT_CONVERSION = YES;
				CLANG_WARN_OBJC_ROOT_CLASS = YES_ERROR;
				CLANG_WARN_SUSPICIOUS_MOVE = YES;
				CLANG_WARN_UNREACHABLE_CODE = YES;
				CLANG_WARN__DUPLICATE_METHOD_MATCH = YES;
				"CODE_SIGN_IDENTITY[sdk=iphoneos*]" = "iPhone Developer";
				COPY_PHASE_STRIP = NO;
				DEBUG_INFORMATION_FORMAT = "dwarf-with-dsym";
				ENABLE_NS_ASSERTIONS = NO;
				ENABLE_STRICT_OBJC_MSGSEND = YES;
				GCC_C_LANGUAGE_STANDARD = gnu99;
				GCC_NO_COMMON_BLOCKS = YES;
				GCC_WARN_64_TO_32_BIT_CONVERSION = YES;
				GCC_WARN_ABOUT_RETURN_TYPE = YES_ERROR;
				GCC_WARN_UNDECLARED_SELECTOR = YES;
				GCC_WARN_UNINITIALIZED_AUTOS = YES_AGGRESSIVE;
				GCC_WARN_UNUSED_FUNCTION = YES;
				GCC_WARN_UNUSED_VARIABLE = YES;
				IPHONEOS_DEPLOYMENT_TARGET = 10.2;
				MTL_ENABLE_DEBUG_INFO = NO;
				SDKROOT = iphoneos;
				SWIFT_OPTIMIZATION_LEVEL = "-Owholemodule";
				VALIDATE_PRODUCT = YES;
			};
			name = Release;
		};
		98E682871E931E4F00BAEFE8 /* Debug */ = {
			isa = XCBuildConfiguration;
			buildSettings = {
				ASSETCATALOG_COMPILER_APPICON_NAME = AppIcon;
				CODE_SIGN_ENTITLEMENTS = "Pops App/Pops App.entitlements";
				DEVELOPMENT_TEAM = 26Z24PM6F7;
				FRAMEWORK_SEARCH_PATHS = (
					"$(inherited)",
					"$(PROJECT_DIR)/Carthage/Build/iOS",
				);
				INFOPLIST_FILE = "Pops App/Info.plist";
				LD_RUNPATH_SEARCH_PATHS = "$(inherited) @executable_path/Frameworks";
				PRODUCT_BUNDLE_IDENTIFIER = "com.teamviolet.pops-app";
				PRODUCT_NAME = "$(TARGET_NAME)";
				SWIFT_VERSION = 3.0;
			};
			name = Debug;
		};
		98E682881E931E4F00BAEFE8 /* Release */ = {
			isa = XCBuildConfiguration;
			buildSettings = {
				ASSETCATALOG_COMPILER_APPICON_NAME = AppIcon;
				CODE_SIGN_ENTITLEMENTS = "Pops App/Pops App.entitlements";
				DEVELOPMENT_TEAM = 26Z24PM6F7;
				FRAMEWORK_SEARCH_PATHS = (
					"$(inherited)",
					"$(PROJECT_DIR)/Carthage/Build/iOS",
				);
				INFOPLIST_FILE = "Pops App/Info.plist";
				LD_RUNPATH_SEARCH_PATHS = "$(inherited) @executable_path/Frameworks";
				PRODUCT_BUNDLE_IDENTIFIER = "com.teamviolet.pops-app";
				PRODUCT_NAME = "$(TARGET_NAME)";
				SWIFT_VERSION = 3.0;
			};
			name = Release;
		};
/* End XCBuildConfiguration section */

/* Begin XCConfigurationList section */
		98E6826F1E931E4F00BAEFE8 /* Build configuration list for PBXProject "Pops App" */ = {
			isa = XCConfigurationList;
			buildConfigurations = (
				98E682841E931E4F00BAEFE8 /* Debug */,
				98E682851E931E4F00BAEFE8 /* Release */,
			);
			defaultConfigurationIsVisible = 0;
			defaultConfigurationName = Release;
		};
		98E682861E931E4F00BAEFE8 /* Build configuration list for PBXNativeTarget "Pops App" */ = {
			isa = XCConfigurationList;
			buildConfigurations = (
				98E682871E931E4F00BAEFE8 /* Debug */,
				98E682881E931E4F00BAEFE8 /* Release */,
			);
			defaultConfigurationIsVisible = 0;
			defaultConfigurationName = Release;
		};
/* End XCConfigurationList section */
	};
	rootObject = 98E6826C1E931E4F00BAEFE8 /* Project object */;
}
